
Microsoft Visual Studio Solution File, Format Version 12.00
# Visual Studio Version 16
VisualStudioVersion = 16.0.30011.22
MinimumVisualStudioVersion = 10.0.40219.1
Project("{FAE04EC0-301F-11D3-BF4B-00C04F79EFBC}") = "PruebaWebApi", "PruebaWebApi.csproj", "{4C12C7FF-CAB8-44C5-853F-D84CDFA3C2C1}"
EndProject
Project("{FAE04EC0-301F-11D3-BF4B-00C04F79EFBC}") = "PruebaWebApi.Tests", "..\PruebaWebApi.Tests\PruebaWebApi.Tests.csproj", "{832C7E7D-E8B4-44F3-9544-139E126E6116}"
EndProject
Global
	GlobalSection(SolutionConfigurationPlatforms) = preSolution
		Debug|Any CPU = Debug|Any CPU
		Release|Any CPU = Release|Any CPU
	EndGlobalSection
	GlobalSection(ProjectConfigurationPlatforms) = postSolution
		{4C12C7FF-CAB8-44C5-853F-D84CDFA3C2C1}.Debug|Any CPU.ActiveCfg = Debug|Any CPU
		{4C12C7FF-CAB8-44C5-853F-D84CDFA3C2C1}.Debug|Any CPU.Build.0 = Debug|Any CPU
		{4C12C7FF-CAB8-44C5-853F-D84CDFA3C2C1}.Release|Any CPU.ActiveCfg = Release|Any CPU
		{4C12C7FF-CAB8-44C5-853F-D84CDFA3C2C1}.Release|Any CPU.Build.0 = Release|Any CPU
		{832C7E7D-E8B4-44F3-9544-139E126E6116}.Debug|Any CPU.ActiveCfg = Debug|Any CPU
		{832C7E7D-E8B4-44F3-9544-139E126E6116}.Debug|Any CPU.Build.0 = Debug|Any CPU
		{832C7E7D-E8B4-44F3-9544-139E126E6116}.Release|Any CPU.ActiveCfg = Release|Any CPU
		{832C7E7D-E8B4-44F3-9544-139E126E6116}.Release|Any CPU.Build.0 = Release|Any CPU
	EndGlobalSection
	GlobalSection(SolutionProperties) = preSolution
		HideSolutionNode = FALSE
	EndGlobalSection
	GlobalSection(ExtensibilityGlobals) = postSolution
		SolutionGuid = {ED093B44-264A-42F7-B726-84EC39B1792A}
	EndGlobalSection
EndGlobal
